
Microsoft Visual Studio Solution File, Format Version 12.00
# Visual Studio 14
VisualStudioVersion = 14.0.25123.0
MinimumVisualStudioVersion = 10.0.40219.1
Project("{FAE04EC0-301F-11D3-BF4B-00C04F79EFBC}") = "BLL", "BLL\BLL.csproj", "{7B1152E6-F483-47B6-918A-2EFF3F9CD284}"
EndProject
Project("{FAE04EC0-301F-11D3-BF4B-00C04F79EFBC}") = "BLL.Interfaces", "BLL.Interfacies\BLL.Interfaces.csproj", "{2794D561-E50A-40E5-B41F-A075A803C6B0}"
EndProject
Project("{FAE04EC0-301F-11D3-BF4B-00C04F79EFBC}") = "DAL", "DAL\DAL.csproj", "{00FAF85B-D402-4AF6-A0DB-BBF8006FC9C6}"
EndProject
Project("{FAE04EC0-301F-11D3-BF4B-00C04F79EFBC}") = "DAL.Interfaces", "DAL.Interfacies\DAL.Interfaces.csproj", "{75EF4420-5DBE-4A80-B3B7-5B0D1C1AD9F5}"
EndProject
Project("{FAE04EC0-301F-11D3-BF4B-00C04F79EFBC}") = "ORM", "ORM\ORM.csproj", "{38EE6F66-F085-4670-B2A6-31F5D036A02F}"
EndProject
Project("{FAE04EC0-301F-11D3-BF4B-00C04F79EFBC}") = "DependencyResolver", "DependencyResolver\DependencyResolver.csproj", "{B6F88B57-441E-4F2D-A55F-9A556D4DB9BE}"
EndProject
Project("{FAE04EC0-301F-11D3-BF4B-00C04F79EFBC}") = "MvcPL", "MvcPL\MvcPL.csproj", "{7EC18B81-38AA-4F99-8606-F6AA1B9470DB}"
EndProject
Global
	GlobalSection(SolutionConfigurationPlatforms) = preSolution
		Debug|Any CPU = Debug|Any CPU
		Release|Any CPU = Release|Any CPU
	EndGlobalSection
	GlobalSection(ProjectConfigurationPlatforms) = postSolution
		{7B1152E6-F483-47B6-918A-2EFF3F9CD284}.Debug|Any CPU.ActiveCfg = Debug|Any CPU
		{7B1152E6-F483-47B6-918A-2EFF3F9CD284}.Debug|Any CPU.Build.0 = Debug|Any CPU
		{7B1152E6-F483-47B6-918A-2EFF3F9CD284}.Release|Any CPU.ActiveCfg = Release|Any CPU
		{7B1152E6-F483-47B6-918A-2EFF3F9CD284}.Release|Any CPU.Build.0 = Release|Any CPU
		{2794D561-E50A-40E5-B41F-A075A803C6B0}.Debug|Any CPU.ActiveCfg = Debug|Any CPU
		{2794D561-E50A-40E5-B41F-A075A803C6B0}.Debug|Any CPU.Build.0 = Debug|Any CPU
		{2794D561-E50A-40E5-B41F-A075A803C6B0}.Release|Any CPU.ActiveCfg = Release|Any CPU
		{2794D561-E50A-40E5-B41F-A075A803C6B0}.Release|Any CPU.Build.0 = Release|Any CPU
		{00FAF85B-D402-4AF6-A0DB-BBF8006FC9C6}.Debug|Any CPU.ActiveCfg = Debug|Any CPU
		{00FAF85B-D402-4AF6-A0DB-BBF8006FC9C6}.Debug|Any CPU.Build.0 = Debug|Any CPU
		{00FAF85B-D402-4AF6-A0DB-BBF8006FC9C6}.Release|Any CPU.ActiveCfg = Release|Any CPU
		{00FAF85B-D402-4AF6-A0DB-BBF8006FC9C6}.Release|Any CPU.Build.0 = Release|Any CPU
		{75EF4420-5DBE-4A80-B3B7-5B0D1C1AD9F5}.Debug|Any CPU.ActiveCfg = Debug|Any CPU
		{75EF4420-5DBE-4A80-B3B7-5B0D1C1AD9F5}.Debug|Any CPU.Build.0 = Debug|Any CPU
		{75EF4420-5DBE-4A80-B3B7-5B0D1C1AD9F5}.Release|Any CPU.ActiveCfg = Release|Any CPU
		{75EF4420-5DBE-4A80-B3B7-5B0D1C1AD9F5}.Release|Any CPU.Build.0 = Release|Any CPU
		{38EE6F66-F085-4670-B2A6-31F5D036A02F}.Debug|Any CPU.ActiveCfg = Debug|Any CPU
		{38EE6F66-F085-4670-B2A6-31F5D036A02F}.Debug|Any CPU.Build.0 = Debug|Any CPU
		{38EE6F66-F085-4670-B2A6-31F5D036A02F}.Release|Any CPU.ActiveCfg = Release|Any CPU
		{38EE6F66-F085-4670-B2A6-31F5D036A02F}.Release|Any CPU.Build.0 = Release|Any CPU
		{B6F88B57-441E-4F2D-A55F-9A556D4DB9BE}.Debug|Any CPU.ActiveCfg = Debug|Any CPU
		{B6F88B57-441E-4F2D-A55F-9A556D4DB9BE}.Debug|Any CPU.Build.0 = Debug|Any CPU
		{B6F88B57-441E-4F2D-A55F-9A556D4DB9BE}.Release|Any CPU.ActiveCfg = Release|Any CPU
		{B6F88B57-441E-4F2D-A55F-9A556D4DB9BE}.Release|Any CPU.Build.0 = Release|Any CPU
		{7EC18B81-38AA-4F99-8606-F6AA1B9470DB}.Debug|Any CPU.ActiveCfg = Debug|Any CPU
		{7EC18B81-38AA-4F99-8606-F6AA1B9470DB}.Debug|Any CPU.Build.0 = Debug|Any CPU
		{7EC18B81-38AA-4F99-8606-F6AA1B9470DB}.Release|Any CPU.ActiveCfg = Release|Any CPU
		{7EC18B81-38AA-4F99-8606-F6AA1B9470DB}.Release|Any CPU.Build.0 = Release|Any CPU
	EndGlobalSection
	GlobalSection(SolutionProperties) = preSolution
		HideSolutionNode = FALSE
	EndGlobalSection
EndGlobal
